
Microsoft Visual Studio Solution File, Format Version 12.00
# Visual Studio Version 16
VisualStudioVersion = 16.0.31321.278
MinimumVisualStudioVersion = 10.0.40219.1
Project("{FAE04EC0-301F-11D3-BF4B-00C04F79EFBC}") = "Lab03", "Lab03.csproj", "{46727CDA-E6D0-4C0E-85E3-EC0B3237B1A5}"
EndProject
Global
	GlobalSection(SolutionConfigurationPlatforms) = preSolution
		Debug|Any CPU = Debug|Any CPU
		Release|Any CPU = Release|Any CPU
	EndGlobalSection
	GlobalSection(ProjectConfigurationPlatforms) = postSolution
		{46727CDA-E6D0-4C0E-85E3-EC0B3237B1A5}.Debug|Any CPU.ActiveCfg = Debug|Any CPU
		{46727CDA-E6D0-4C0E-85E3-EC0B3237B1A5}.Debug|Any CPU.Build.0 = Debug|Any CPU
		{46727CDA-E6D0-4C0E-85E3-EC0B3237B1A5}.Release|Any CPU.ActiveCfg = Release|Any CPU
		{46727CDA-E6D0-4C0E-85E3-EC0B3237B1A5}.Release|Any CPU.Build.0 = Release|Any CPU
	EndGlobalSection
	GlobalSection(SolutionProperties) = preSolution
		HideSolutionNode = FALSE
	EndGlobalSection
	GlobalSection(ExtensibilityGlobals) = postSolution
		SolutionGuid = {F4DA0BD0-C28C-4595-8804-7C3C614D8025}
	EndGlobalSection
EndGlobal
